# This file is autogenerated, do not edit; changes may be undone by the next 'dep ensure'.


[[projects]]
  name = "github.com/bitly/go-simplejson"
  packages = ["."]
  revision = "aabad6e819789e569bd6aabf444c935aa9ba1e44"
  version = "v0.5.0"

[[projects]]
  branch = "master"
  name = "github.com/containership/go-containership.cloud"
  packages = ["client"]
  revision = "2e93a4ef9becce758e958837e61bf2f34db9243f"

[solve-meta]
  analyzer-name = "dep"
  analyzer-version = 1
  inputs-digest = "04c5b3f14594e196b63e0ddaad56c3191906c47a18eb525aaf99fa296d02a9dc"
  solver-name = "gps-cdcl"
  solver-version = 1
